
Microsoft Visual Studio Solution File, Format Version 12.00
# Visual Studio 15
VisualStudioVersion = 15.0.28307.572
MinimumVisualStudioVersion = 10.0.40219.1
Project("{FAE04EC0-301F-11D3-BF4B-00C04F79EFBC}") = "Projeto_Marvel", "Projeto_Marvel\Projeto_Marvel.csproj", "{B8D7D4D9-F30C-4B3C-9243-9C5C2E296AD4}"
EndProject
Global
	GlobalSection(SolutionConfigurationPlatforms) = preSolution
		Debug|Any CPU = Debug|Any CPU
		Release|Any CPU = Release|Any CPU
	EndGlobalSection
	GlobalSection(ProjectConfigurationPlatforms) = postSolution
		{B8D7D4D9-F30C-4B3C-9243-9C5C2E296AD4}.Debug|Any CPU.ActiveCfg = Debug|Any CPU
		{B8D7D4D9-F30C-4B3C-9243-9C5C2E296AD4}.Debug|Any CPU.Build.0 = Debug|Any CPU
		{B8D7D4D9-F30C-4B3C-9243-9C5C2E296AD4}.Release|Any CPU.ActiveCfg = Release|Any CPU
		{B8D7D4D9-F30C-4B3C-9243-9C5C2E296AD4}.Release|Any CPU.Build.0 = Release|Any CPU
	EndGlobalSection
	GlobalSection(SolutionProperties) = preSolution
		HideSolutionNode = FALSE
	EndGlobalSection
	GlobalSection(ExtensibilityGlobals) = postSolution
		SolutionGuid = {6CFE1060-5045-4EC2-8B1E-214634F9F440}
	EndGlobalSection
EndGlobal
